
Microsoft Visual Studio Solution File, Format Version 12.00
# Visual Studio Version 17
VisualStudioVersion = 17.13.35931.197 d17.13
MinimumVisualStudioVersion = 10.0.40219.1
Project("{FAE04EC0-301F-11D3-BF4B-00C04F79EFBC}") = "TallerVDJ3D-Promedio1-Examen-Individual", "TallerVDJ3D-Promedio1-Examen-Individual\TallerVDJ3D-Promedio1-Examen-Individual.csproj", "{A5E49E2C-5D12-41AD-B8F7-F3CD15BBCD85}"
EndProject
Global
	GlobalSection(SolutionConfigurationPlatforms) = preSolution
		Debug|Any CPU = Debug|Any CPU
		Release|Any CPU = Release|Any CPU
	EndGlobalSection
	GlobalSection(ProjectConfigurationPlatforms) = postSolution
		{A5E49E2C-5D12-41AD-B8F7-F3CD15BBCD85}.Debug|Any CPU.ActiveCfg = Debug|Any CPU
		{A5E49E2C-5D12-41AD-B8F7-F3CD15BBCD85}.Debug|Any CPU.Build.0 = Debug|Any CPU
		{A5E49E2C-5D12-41AD-B8F7-F3CD15BBCD85}.Release|Any CPU.ActiveCfg = Release|Any CPU
		{A5E49E2C-5D12-41AD-B8F7-F3CD15BBCD85}.Release|Any CPU.Build.0 = Release|Any CPU
	EndGlobalSection
	GlobalSection(SolutionProperties) = preSolution
		HideSolutionNode = FALSE
	EndGlobalSection
	GlobalSection(ExtensibilityGlobals) = postSolution
		SolutionGuid = {2424EBE7-070D-4260-B61B-97282FCB3E23}
	EndGlobalSection
EndGlobal
